
Microsoft Visual Studio Solution File, Format Version 12.00
# Visual Studio Version 16
VisualStudioVersion = 16.0.31729.503
MinimumVisualStudioVersion = 10.0.40219.1
Project("{FAE04EC0-301F-11D3-BF4B-00C04F79EFBC}") = "blackjack", "blackjack\blackjack.csproj", "{914719E0-BE1D-4FEC-AA40-CC82C3C6EF27}"
EndProject
Global
	GlobalSection(SolutionConfigurationPlatforms) = preSolution
		Debug|Any CPU = Debug|Any CPU
		Release|Any CPU = Release|Any CPU
	EndGlobalSection
	GlobalSection(ProjectConfigurationPlatforms) = postSolution
		{914719E0-BE1D-4FEC-AA40-CC82C3C6EF27}.Debug|Any CPU.ActiveCfg = Debug|Any CPU
		{914719E0-BE1D-4FEC-AA40-CC82C3C6EF27}.Debug|Any CPU.Build.0 = Debug|Any CPU
		{914719E0-BE1D-4FEC-AA40-CC82C3C6EF27}.Release|Any CPU.ActiveCfg = Release|Any CPU
		{914719E0-BE1D-4FEC-AA40-CC82C3C6EF27}.Release|Any CPU.Build.0 = Release|Any CPU
	EndGlobalSection
	GlobalSection(SolutionProperties) = preSolution
		HideSolutionNode = FALSE
	EndGlobalSection
	GlobalSection(ExtensibilityGlobals) = postSolution
		SolutionGuid = {80B9E5F3-FBDB-40FE-89DF-A10C740CB9D4}
	EndGlobalSection
EndGlobal
